
Microsoft Visual Studio Solution File, Format Version 12.00
# Visual Studio Version 17
VisualStudioVersion = 17.1.32228.430
MinimumVisualStudioVersion = 10.0.40219.1
Project("{FAE04EC0-301F-11D3-BF4B-00C04F79EFBC}") = "ERMapViewer", "ERMapViewer.csproj", "{4BABBBE2-9685-4533-B639-3C2DBA5A9E96}"
EndProject
Project("{9A19103F-16F7-4668-BE54-9A1E7A4F7556}") = "SoulsFormats", "..\SoulsFormats\SoulsFormats\SoulsFormats.csproj", "{5B5F92DC-83DC-4397-9C0A-4AEA36E672D9}"
EndProject
Global
	GlobalSection(SolutionConfigurationPlatforms) = preSolution
		Debug|Any CPU = Debug|Any CPU
		Release|Any CPU = Release|Any CPU
	EndGlobalSection
	GlobalSection(ProjectConfigurationPlatforms) = postSolution
		{4BABBBE2-9685-4533-B639-3C2DBA5A9E96}.Debug|Any CPU.ActiveCfg = Debug|Any CPU
		{4BABBBE2-9685-4533-B639-3C2DBA5A9E96}.Debug|Any CPU.Build.0 = Debug|Any CPU
		{4BABBBE2-9685-4533-B639-3C2DBA5A9E96}.Release|Any CPU.ActiveCfg = Release|Any CPU
		{4BABBBE2-9685-4533-B639-3C2DBA5A9E96}.Release|Any CPU.Build.0 = Release|Any CPU
		{5B5F92DC-83DC-4397-9C0A-4AEA36E672D9}.Debug|Any CPU.ActiveCfg = Debug|Any CPU
		{5B5F92DC-83DC-4397-9C0A-4AEA36E672D9}.Debug|Any CPU.Build.0 = Debug|Any CPU
		{5B5F92DC-83DC-4397-9C0A-4AEA36E672D9}.Release|Any CPU.ActiveCfg = Release|Any CPU
		{5B5F92DC-83DC-4397-9C0A-4AEA36E672D9}.Release|Any CPU.Build.0 = Release|Any CPU
	EndGlobalSection
	GlobalSection(SolutionProperties) = preSolution
		HideSolutionNode = FALSE
	EndGlobalSection
	GlobalSection(ExtensibilityGlobals) = postSolution
		SolutionGuid = {F93E6C86-3E2B-4585-8691-67DBA417A495}
	EndGlobalSection
EndGlobal
